
Microsoft Visual Studio Solution File, Format Version 12.00
# Visual Studio Version 17
VisualStudioVersion = 17.10.35004.147
MinimumVisualStudioVersion = 10.0.40219.1
Project("{FAE04EC0-301F-11D3-BF4B-00C04F79EFBC}") = "duanagile", "duanagile\duanagile.csproj", "{5EDFB4CC-0A17-4EB1-945B-1D0C51D689FA}"
EndProject
Global
	GlobalSection(SolutionConfigurationPlatforms) = preSolution
		Debug|Any CPU = Debug|Any CPU
		Release|Any CPU = Release|Any CPU
	EndGlobalSection
	GlobalSection(ProjectConfigurationPlatforms) = postSolution
		{5EDFB4CC-0A17-4EB1-945B-1D0C51D689FA}.Debug|Any CPU.ActiveCfg = Debug|Any CPU
		{5EDFB4CC-0A17-4EB1-945B-1D0C51D689FA}.Debug|Any CPU.Build.0 = Debug|Any CPU
		{5EDFB4CC-0A17-4EB1-945B-1D0C51D689FA}.Release|Any CPU.ActiveCfg = Release|Any CPU
		{5EDFB4CC-0A17-4EB1-945B-1D0C51D689FA}.Release|Any CPU.Build.0 = Release|Any CPU
	EndGlobalSection
	GlobalSection(SolutionProperties) = preSolution
		HideSolutionNode = FALSE
	EndGlobalSection
	GlobalSection(ExtensibilityGlobals) = postSolution
		SolutionGuid = {E828D273-5D29-49AF-8DE4-87EE692C29DC}
	EndGlobalSection
EndGlobal
